# This file is generated by running "yarn install" inside your project.
# Manual changes might be lost - proceed with caution!

__metadata:
  version: 4
  cacheKey: 8c0

"@octokit/app@npm:^12.0.4":
  version: 12.0.5
  resolution: "@octokit/app@npm:12.0.5"
  dependencies:
    "@octokit/auth-app": ^3.3.0
    "@octokit/auth-unauthenticated": ^2.0.4
    "@octokit/core": ^3.4.0
    "@octokit/oauth-app": ^3.3.2
    "@octokit/plugin-paginate-rest": ^2.13.3
    "@octokit/types": ^6.27.1
    "@octokit/webhooks": ^9.0.1
  checksum: b4d8dca0239afc586e4b275a12eb6f4cecf64e08fdaa55e51e01cffdc4a5d335d77144312de79ac1ccf0113da80221ecd9cf7ff654f56ef8a14df4bbe3a6abf1
  languageName: node
  linkType: hard

"@octokit/auth-app@npm:^3.3.0":
  version: 3.5.0
  resolution: "@octokit/auth-app@npm:3.5.0"
  dependencies:
    "@octokit/auth-oauth-app": ^4.3.0
    "@octokit/auth-oauth-user": ^1.2.3
    "@octokit/request": ^5.6.0
    "@octokit/request-error": ^2.1.0
    "@octokit/types": ^6.0.3
    "@types/lru-cache": ^5.1.0
    deprecation: ^2.3.1
    lru-cache: ^6.0.0
    universal-github-app-jwt: ^1.0.1
    universal-user-agent: ^6.0.0
  checksum: 5f6b97ff506adb573f6c7ab3514dceb73f759b4ea5deed48b100e321a48d3eb6f71ea42abfaca90b9d7937527596741f799bf9a20d66ec4181ec5c69394275e0
  languageName: node
  linkType: hard

"@octokit/auth-oauth-app@npm:^4.0.0, @octokit/auth-oauth-app@npm:^4.3.0":
  version: 4.3.0
  resolution: "@octokit/auth-oauth-app@npm:4.3.0"
  dependencies:
    "@octokit/auth-oauth-device": ^3.1.1
    "@octokit/auth-oauth-user": ^1.2.1
    "@octokit/request": ^5.3.0
    "@octokit/types": ^6.0.3
    "@types/btoa-lite": ^1.0.0
    btoa-lite: ^1.0.0
    universal-user-agent: ^6.0.0
  checksum: d9220b90f525a09f3f125845ef1992a8c6ac54add7c1071c92c4a3b33f6de54daf7d32e6ca2c5737d61dbf8c83baca6f29d6516558ec1077d48dd21b43184d2d
  languageName: node
  linkType: hard

"@octokit/auth-oauth-device@npm:^3.1.1":
  version: 3.1.2
  resolution: "@octokit/auth-oauth-device@npm:3.1.2"
  dependencies:
    "@octokit/oauth-methods": ^1.1.0
    "@octokit/request": ^5.4.14
    "@octokit/types": ^6.10.0
    universal-user-agent: ^6.0.0
  checksum: f36c93b9ee0fb499087f7bd4023a4a65f9a5b61a239ceb0af86a9e2dfc1afda59bcbe39c347ec2e2df113c40adc2f3666937b6e128efa03816d4536738bf65c5
  languageName: node
  linkType: hard

"@octokit/auth-oauth-user@npm:^1.2.1, @octokit/auth-oauth-user@npm:^1.2.3":
  version: 1.2.4
  resolution: "@octokit/auth-oauth-user@npm:1.2.4"
  dependencies:
    "@octokit/auth-oauth-device": ^3.1.1
    "@octokit/oauth-methods": ^1.1.0
    "@octokit/request": ^5.4.14
    "@octokit/types": ^6.12.2
    btoa-lite: ^1.0.0
    universal-user-agent: ^6.0.0
  checksum: f28d8c8896f54ea80ee79aa64694d5baed9b1bd00735a87abb5a13f5fb7d347b0bda7b62b7fd1e6ac9cda176b0b09613e37c5e79d2d7d7a810ca31c2dadc2173
  languageName: node
  linkType: hard

"@octokit/auth-oauth-user@npm:^1.3.0":
  version: 1.3.0
  resolution: "@octokit/auth-oauth-user@npm:1.3.0"
  dependencies:
    "@octokit/auth-oauth-device": ^3.1.1
    "@octokit/oauth-methods": ^1.1.0
    "@octokit/request": ^5.4.14
    "@octokit/types": ^6.12.2
    btoa-lite: ^1.0.0
    universal-user-agent: ^6.0.0
  checksum: f5641dcd3882ad681cf6cccadcff94bacf2cdb45e9e8f07178518769ee9786b66bf661a447fcbbf55517889ac9afda54a1a0b54e28dcc14c3794b53c20eee17f
  languageName: node
  linkType: hard

"@octokit/auth-token@npm:^2.4.4":
  version: 2.4.5
  resolution: "@octokit/auth-token@npm:2.4.5"
  dependencies:
    "@octokit/types": ^6.0.3
  checksum: f3b97f97d2605ba075d19c565cf8b1439f55f6319dd3722e495dac59141a56ecd4db4dc5ce168389bb66913194cc7d4c93c237f6d63e5ab3ce394777d296a239
  languageName: node
  linkType: hard

"@octokit/auth-unauthenticated@npm:^2.0.0, @octokit/auth-unauthenticated@npm:^2.0.4":
  version: 2.1.0
  resolution: "@octokit/auth-unauthenticated@npm:2.1.0"
  dependencies:
    "@octokit/request-error": ^2.1.0
    "@octokit/types": ^6.0.3
  checksum: dbd925e27e7548df8e71ff9aa3eb4f62baf4720d054dadd3aec11602a65468c41a0e623bd9d7603fc1a30429f767ce8c36c304a85138608effc324c04080bc9c
  languageName: node
  linkType: hard

"@octokit/core@npm:^3.3.2, @octokit/core@npm:^3.4.0, @octokit/core@npm:^3.5.1":
  version: 3.5.1
  resolution: "@octokit/core@npm:3.5.1"
  dependencies:
    "@octokit/auth-token": ^2.4.4
    "@octokit/graphql": ^4.5.8
    "@octokit/request": ^5.6.0
    "@octokit/request-error": ^2.0.5
    "@octokit/types": ^6.0.3
    before-after-hook: ^2.2.0
    universal-user-agent: ^6.0.0
  checksum: a85c3cd23467e805fc429d6824e5fd142758a5259c4a66dd702153fdeda5185142a1452fa800611aaa71c7e871a0a53effc980eae65a39fdc92beff0c2fe269c
  languageName: node
  linkType: hard

"@octokit/endpoint@npm:^6.0.1":
  version: 6.0.12
  resolution: "@octokit/endpoint@npm:6.0.12"
  dependencies:
    "@octokit/types": ^6.0.3
    is-plain-object: ^5.0.0
    universal-user-agent: ^6.0.0
  checksum: b2d9c91f00ab7c997338d08a06bfd12a67d86060bc40471f921ba424e4de4e5a0a1117631f2a8a8787107d89d631172dd157cb5e2633674b1ae3a0e2b0dcfa3e
  languageName: node
  linkType: hard

"@octokit/graphql@npm:^4.5.8":
  version: 4.6.4
  resolution: "@octokit/graphql@npm:4.6.4"
  dependencies:
    "@octokit/request": ^5.6.0
    "@octokit/types": ^6.0.3
    universal-user-agent: ^6.0.0
  checksum: c223af8f56e139e0dc51e8224684386ecee6548c07694afca306befde9649cc898588bdcce5d46003a019f19318effbb5dc8daa9ed7c66e659707d366b3ab8e6
  languageName: node
  linkType: hard

"@octokit/oauth-app@npm:^3.3.2":
  version: 3.3.4
  resolution: "@octokit/oauth-app@npm:3.3.4"
  dependencies:
    "@octokit/auth-oauth-app": ^4.0.0
    "@octokit/auth-oauth-user": ^1.2.3
    "@octokit/auth-unauthenticated": ^2.0.0
    "@octokit/core": ^3.3.2
    "@octokit/oauth-authorization-url": ^4.2.1
    "@octokit/oauth-methods": ^1.2.2
    fromentries: ^1.3.1
    universal-user-agent: ^6.0.0
  checksum: 3938029d1cf38b27939bdbe8f13a6b8dcd8d6837fd70c5d0b6134ce7842938937b54260af30937029327ed61ac445c70a081b1628bc313fe9bc82981b0acf8b4
  languageName: node
  linkType: hard

"@octokit/oauth-app@npm:^3.5.1":
  version: 3.6.0
  resolution: "@octokit/oauth-app@npm:3.6.0"
  dependencies:
    "@octokit/auth-oauth-app": ^4.0.0
    "@octokit/auth-oauth-user": ^1.3.0
    "@octokit/auth-unauthenticated": ^2.0.0
    "@octokit/core": ^3.3.2
    "@octokit/oauth-authorization-url": ^4.2.1
    "@octokit/oauth-methods": ^1.2.2
    "@types/aws-lambda": ^8.10.83
    fromentries: ^1.3.1
    universal-user-agent: ^6.0.0
  checksum: c25441786a1de720d74c2c2952a28b24ec7dca92bd763f57cf5fa7a26f1b255b83003e92e4056a9763b1e29704b9ebdd921797c040dae28f6b78ee2662b24940
  languageName: node
  linkType: hard

"@octokit/oauth-authorization-url@npm:^4.2.1, @octokit/oauth-authorization-url@npm:^4.3.1":
  version: 4.3.2
  resolution: "@octokit/oauth-authorization-url@npm:4.3.2"
  checksum: 584c0d212e30bd5275e5b57e40e3066bd90f9eea4201f1215c3b0bddfa20654a794e9ff5d848b4cd7de5c44c303ffa378f224f430afa98846c512857ed69efa8
  languageName: node
  linkType: hard

"@octokit/oauth-methods@npm:^1.1.0, @octokit/oauth-methods@npm:^1.2.2":
  version: 1.2.4
  resolution: "@octokit/oauth-methods@npm:1.2.4"
  dependencies:
    "@octokit/oauth-authorization-url": ^4.3.1
    "@octokit/request": ^5.4.14
    "@octokit/request-error": ^2.0.5
    "@octokit/types": ^6.12.2
    btoa-lite: ^1.0.0
  checksum: dff1465e8b1bc754de07ce2be52a2ce8a3dde846cda36acc2958574cae3a7213a22cbf00a42873532d164408d18f3744aba7de133daa37ebdcd6e6039fbc6e77
  languageName: node
  linkType: hard

"@octokit/openapi-types@npm:^11.2.0":
  version: 11.2.0
  resolution: "@octokit/openapi-types@npm:11.2.0"
  checksum: 7b1c5e0632f6a1097a4b9192e4b3741d7a5dfeabe72c36201ab3d7607ca4fc822a27740f413bdebb6016f593c35c808484d3e3f1a505cf5ad8fe0da3c9d04cdd
  languageName: node
  linkType: hard

"@octokit/openapi-types@npm:^7.3.2":
  version: 7.3.2
  resolution: "@octokit/openapi-types@npm:7.3.2"
  checksum: 6fad846384230c10c6cec3f70560ae37dec828e0d87469d7078bad6ae905a8ee74bab0f0da89bda74788f4d4f8389a9b46841443e5ac5fd75ffae44ae7ba3de6
  languageName: node
  linkType: hard

"@octokit/plugin-paginate-rest@npm:^2.13.3":
  version: 2.13.5
  resolution: "@octokit/plugin-paginate-rest@npm:2.13.5"
  dependencies:
    "@octokit/types": ^6.13.0
  peerDependencies:
    "@octokit/core": ">=2"
  checksum: 002e719392ef9445897f85abec41228ad4422da3ae3141292ee5892f9541be05c500e7e3331c1a7a30591e77054c19ca830ee5e5eba6cd18b9510c42503a323e
  languageName: node
  linkType: hard

"@octokit/plugin-paginate-rest@npm:^2.16.8":
  version: 2.17.0
  resolution: "@octokit/plugin-paginate-rest@npm:2.17.0"
  dependencies:
    "@octokit/types": ^6.34.0
  peerDependencies:
    "@octokit/core": ">=2"
  checksum: 11ffa4f7878b2bf5cb98eea0ee28c3923d1aff705d0a2a5027618fbf94b4b0ec632f9ed33738eb7441b65cee5270fec71df9007da0b4b169a3aacfe2a86aec1f
  languageName: node
  linkType: hard

"@octokit/plugin-rest-endpoint-methods@npm:^5.12.0":
  version: 5.13.0
  resolution: "@octokit/plugin-rest-endpoint-methods@npm:5.13.0"
  dependencies:
    "@octokit/types": ^6.34.0
    deprecation: ^2.3.1
  peerDependencies:
    "@octokit/core": ">=3"
  checksum: e836ed80363300187d8cf3b01c821e4cc90e8a4779b99307f92c621c66c73f0cf4412115aced98da17f17dea1d6869151fab8fecf8eb5883d079c45658f7493a
  languageName: node
  linkType: hard

"@octokit/plugin-retry@npm:^3.0.9":
  version: 3.0.9
  resolution: "@octokit/plugin-retry@npm:3.0.9"
  dependencies:
    "@octokit/types": ^6.0.3
    bottleneck: ^2.15.3
  checksum: ea097c3b6fe507f45c71237463b4a4e0397b4175b5422528184d7d8a1ed9bf1dcb34f58ce10ec1f7ba8dfd173a221324206af7fa5bf5d2c322566412dfbe289d
  languageName: node
  linkType: hard

"@octokit/plugin-throttling@npm:^3.5.1":
  version: 3.5.2
  resolution: "@octokit/plugin-throttling@npm:3.5.2"
  dependencies:
    "@octokit/types": ^6.0.1
    bottleneck: ^2.15.3
  peerDependencies:
    "@octokit/core": ^3.5.0
  checksum: aff46e4fa94b7970a284a2c5055c0896ec8ba9e0a8cd6e4bf4636b85705c5564a1f4c8a05ab9cddd69561c6b9e518d1f0cfaccb3bfea1b18fc4b7ff31d9229f3
  languageName: node
  linkType: hard

"@octokit/request-error@npm:^2.0.2, @octokit/request-error@npm:^2.0.5, @octokit/request-error@npm:^2.1.0":
  version: 2.1.0
  resolution: "@octokit/request-error@npm:2.1.0"
  dependencies:
    "@octokit/types": ^6.0.3
    deprecation: ^2.0.0
    once: ^1.4.0
  checksum: eb50eb2734aa903f1e855ac5887bb76d6f237a3aaa022b09322a7676c79bb8020259b25f84ab895c4fc7af5cc736e601ec8cc7e9040ca4629bac8cb393e91c40
  languageName: node
  linkType: hard

"@octokit/request@npm:^5.3.0, @octokit/request@npm:^5.4.14, @octokit/request@npm:^5.6.0":
  version: 5.6.0
  resolution: "@octokit/request@npm:5.6.0"
  dependencies:
    "@octokit/endpoint": ^6.0.1
    "@octokit/request-error": ^2.1.0
    "@octokit/types": ^6.16.1
    is-plain-object: ^5.0.0
    node-fetch: ^2.6.1
    universal-user-agent: ^6.0.0
  checksum: e92f53643ce8a179982fed9c3814e09ec1be6451b5861d8b6451c3a3e93cce11e5725afef5b4c47b92922eba7e82a6c1601f5cb6c44f7172654b17f6240e504f
  languageName: node
  linkType: hard

"@octokit/types@npm:^6.0.1, @octokit/types@npm:^6.0.3, @octokit/types@npm:^6.10.0, @octokit/types@npm:^6.12.2, @octokit/types@npm:^6.13.0, @octokit/types@npm:^6.16.1":
  version: 6.16.4
  resolution: "@octokit/types@npm:6.16.4"
  dependencies:
    "@octokit/openapi-types": ^7.3.2
  checksum: 86a474fe7668bbe3f77db3c7ced38445065b41375d899de0dde4462053fca2783acae60a2e56b9d76f10b0197e7957211e5c6191ff3ce644ba19294656bc3406
  languageName: node
  linkType: hard

"@octokit/types@npm:^6.26.0, @octokit/types@npm:^6.27.1, @octokit/types@npm:^6.34.0":
  version: 6.34.0
  resolution: "@octokit/types@npm:6.34.0"
  dependencies:
    "@octokit/openapi-types": ^11.2.0
  checksum: 5094b54ac13adfb2d84a047f4d4c67319b5cf0516ab8a54409af4733392d24da160e0e17ef969fed4276c87e19a3e3983af4233056debd1043d96f73ea4ad14e
  languageName: node
  linkType: hard

"@octokit/webhooks-methods@npm:^1.0.0":
  version: 1.0.0
  resolution: "@octokit/webhooks-methods@npm:1.0.0"
  checksum: d7c7ee5be0e2f09d8c8d2c2955ba28d1ad9e61b7e78efba8b97c227f074096992715209d48224f5c5293a548c6d713ea3a50c3beec80f983230c84c7ea36b0fc
  languageName: node
  linkType: hard

"@octokit/webhooks-types@npm:3.77.1":
  version: 3.77.1
  resolution: "@octokit/webhooks-types@npm:3.77.1"
  checksum: 62d2eb2ecbe385c30f7d0ccbf325b11f4fc2dc884017073e1b69578df9f96e0a38934dc123540ab67ac130b9989d1ce6f27ae9cc20804d256468f33fdc7e7fe8
  languageName: node
  linkType: hard

"@octokit/webhooks@npm:^9.0.1":
  version: 9.7.0
  resolution: "@octokit/webhooks@npm:9.7.0"
  dependencies:
    "@octokit/request-error": ^2.0.2
    "@octokit/webhooks-methods": ^1.0.0
    "@octokit/webhooks-types": 3.77.1
    aggregate-error: ^3.1.0
  checksum: 983d7e87aac7121cd152088f1e11322df406ff5969aebfa77ed0382e0602abdcb061a58b9072a2eab0095128948c1817de83d67a83f31623ddb0eff7a0f0bd0c
  languageName: node
  linkType: hard

"@types/aws-lambda@npm:^8.10.83":
  version: 8.10.84
  resolution: "@types/aws-lambda@npm:8.10.84"
  checksum: 63d3f6d24b0c23226224efbffed7d0be054f6b4a95be19a30e3588a0611691631f6a774d83a80821094d8cbc64e1e14f3ad99bbaf5f00cdf2c9a052a69bd3488
  languageName: node
  linkType: hard

"@types/btoa-lite@npm:^1.0.0":
  version: 1.0.0
  resolution: "@types/btoa-lite@npm:1.0.0"
  checksum: ab354cfa11b683fcc97c66cd2199b0a630b771dc13e3f98783c9f15beba3bdf031b9925c924252473888da3737a07dec93971226e0310354e58f9e64a03a102f
  languageName: node
  linkType: hard

"@types/jsonwebtoken@npm:^8.3.3":
  version: 8.5.1
  resolution: "@types/jsonwebtoken@npm:8.5.1"
  dependencies:
    "@types/node": "*"
  checksum: 0510d16f9fbbc3fc1b99f686cefef7f43a83f5827e51e86c9265ffe50f6723feba2dee0f0c02c8792e9f8c88a0375570a4167ceb3695dec5adfcbf060ec4275e
  languageName: node
  linkType: hard

"@types/lru-cache@npm:^5.1.0":
  version: 5.1.0
  resolution: "@types/lru-cache@npm:5.1.0"
  checksum: 765b5cf6a3a003473b4e7d20f192b2c4fbf4a311defa5daab0395e68a7de8c1621a838dfdd9a0cb1b56c3f30dc84523e7101a96c09b44671cf685d35abd10554
  languageName: node
  linkType: hard

"@types/node@npm:*":
  version: 15.12.2
  resolution: "@types/node@npm:15.12.2"
  checksum: 4917012f6503fb6b2f321cbf93d0403510f76e7cb184709f0a55e47d408c4da10ea8545fb17da0d25e8d8f148137ecbb1efb90a101ebdbf81cf86e080975e5c8
  languageName: node
  linkType: hard

"aggregate-error@npm:^3.1.0":
  version: 3.1.0
  resolution: "aggregate-error@npm:3.1.0"
  dependencies:
    clean-stack: ^2.0.0
    indent-string: ^4.0.0
  checksum: a42f67faa79e3e6687a4923050e7c9807db3848a037076f791d10e092677d65c1d2d863b7848560699f40fc0502c19f40963fb1cd1fb3d338a7423df8e45e039
  languageName: node
  linkType: hard

"before-after-hook@npm:^2.2.0":
  version: 2.2.2
  resolution: "before-after-hook@npm:2.2.2"
  checksum: 7457bfb8f40e8cbce943ea6e6531261925c6c8a451fea540762367a3e2e52b5979978963a7ec65f232a4f5b87310930bf152c9a055608c64ecee5115bad60b9a
  languageName: node
  linkType: hard

"bottleneck@npm:^2.15.3":
  version: 2.19.5
  resolution: "bottleneck@npm:2.19.5"
  checksum: b0f72e45b2e0f56a21ba720183f16bef8e693452fb0495d997fa354e42904353a94bd8fd429868e6751bc85e54b6755190519eed5a0ae0a94a5185209ae7c6d0
  languageName: node
  linkType: hard

"btoa-lite@npm:^1.0.0":
  version: 1.0.0
  resolution: "btoa-lite@npm:1.0.0"
  checksum: 7a4f0568ae3c915464650f98fde7901ae07b13a333a614515a0c86876b3528670fafece28dfef9745d971a613bb83341823afb0c20c6f318b384c1e364b9eb95
  languageName: node
  linkType: hard

"buffer-equal-constant-time@npm:1.0.1":
  version: 1.0.1
  resolution: "buffer-equal-constant-time@npm:1.0.1"
  checksum: fb2294e64d23c573d0dd1f1e7a466c3e978fe94a4e0f8183937912ca374619773bef8e2aceb854129d2efecbbc515bbd0cc78d2734a3e3031edb0888531bbc8e
  languageName: node
  linkType: hard

"clean-stack@npm:^2.0.0":
  version: 2.2.0
  resolution: "clean-stack@npm:2.2.0"
  checksum: 1f90262d5f6230a17e27d0c190b09d47ebe7efdd76a03b5a1127863f7b3c9aec4c3e6c8bb3a7bbf81d553d56a1fd35728f5a8ef4c63f867ac8d690109742a8c1
  languageName: node
  linkType: hard

"deprecation@npm:^2.0.0, deprecation@npm:^2.3.1":
  version: 2.3.1
  resolution: "deprecation@npm:2.3.1"
  checksum: 23d688ba66b74d09b908c40a76179418acbeeb0bfdf218c8075c58ad8d0c315130cb91aa3dffb623aa3a411a3569ce56c6460de6c8d69071c17fe6dd2442f032
  languageName: node
  linkType: hard

"ecdsa-sig-formatter@npm:1.0.11":
  version: 1.0.11
  resolution: "ecdsa-sig-formatter@npm:1.0.11"
  dependencies:
    safe-buffer: ^5.0.1
  checksum: ebfbf19d4b8be938f4dd4a83b8788385da353d63307ede301a9252f9f7f88672e76f2191618fd8edfc2f24679236064176fab0b78131b161ee73daa37125408c
  languageName: node
  linkType: hard

"fromentries@npm:^1.3.1":
  version: 1.3.2
  resolution: "fromentries@npm:1.3.2"
  checksum: 63938819a86e39f490b0caa1f6b38b8ad04f41ccd2a1c144eb48a21f76e4dbc074bc62e97abb053c7c1f541ecc70cf0b8aaa98eed3fe02206db9b6f9bb9a6a47
  languageName: node
  linkType: hard

"indent-string@npm:^4.0.0":
  version: 4.0.0
  resolution: "indent-string@npm:4.0.0"
  checksum: 1e1904ddb0cb3d6cce7cd09e27a90184908b7a5d5c21b92e232c93579d314f0b83c246ffb035493d0504b1e9147ba2c9b21df0030f48673fba0496ecd698161f
  languageName: node
  linkType: hard

"is-plain-object@npm:^5.0.0":
  version: 5.0.0
  resolution: "is-plain-object@npm:5.0.0"
  checksum: 893e42bad832aae3511c71fd61c0bf61aa3a6d853061c62a307261842727d0d25f761ce9379f7ba7226d6179db2a3157efa918e7fe26360f3bf0842d9f28942c
  languageName: node
  linkType: hard

"jsonwebtoken@npm:^8.5.1":
  version: 8.5.1
  resolution: "jsonwebtoken@npm:8.5.1"
  dependencies:
    jws: ^3.2.2
    lodash.includes: ^4.3.0
    lodash.isboolean: ^3.0.3
    lodash.isinteger: ^4.0.4
    lodash.isnumber: ^3.0.3
    lodash.isplainobject: ^4.0.6
    lodash.isstring: ^4.0.1
    lodash.once: ^4.0.0
    ms: ^2.1.1
    semver: ^5.6.0
  checksum: c5ad937b6fa23a230efa8ed8ca3c0da8ebfdd377bafc3e8432a11b03ef90e733400a00b26c0dfee47db44a2e64b88b154b57e9926a92990f98dd25aaed15006e
  languageName: node
  linkType: hard

"jwa@npm:^1.4.1":
  version: 1.4.1
  resolution: "jwa@npm:1.4.1"
  dependencies:
    buffer-equal-constant-time: 1.0.1
    ecdsa-sig-formatter: 1.0.11
    safe-buffer: ^5.0.1
  checksum: 5c533540bf38702e73cf14765805a94027c66a0aa8b16bc3e89d8d905e61a4ce2791e87e21be97d1293a5ee9d4f3e5e47737e671768265ca4f25706db551d5e9
  languageName: node
  linkType: hard

"jws@npm:^3.2.2":
  version: 3.2.2
  resolution: "jws@npm:3.2.2"
  dependencies:
    jwa: ^1.4.1
    safe-buffer: ^5.0.1
  checksum: e770704533d92df358adad7d1261fdecad4d7b66fa153ba80d047e03ca0f1f73007ce5ed3fbc04d2eba09ba6e7e6e645f351e08e5ab51614df1b0aa4f384dfff
  languageName: node
  linkType: hard

"lodash.includes@npm:^4.3.0":
  version: 4.3.0
  resolution: "lodash.includes@npm:4.3.0"
  checksum: 7ca498b9b75bf602d04e48c0adb842dfc7d90f77bcb2a91a2b2be34a723ad24bc1c8b3683ec6b2552a90f216c723cdea530ddb11a3320e08fa38265703978f4b
  languageName: node
  linkType: hard

"lodash.isboolean@npm:^3.0.3":
  version: 3.0.3
  resolution: "lodash.isboolean@npm:3.0.3"
  checksum: 0aac604c1ef7e72f9a6b798e5b676606042401dd58e49f051df3cc1e3adb497b3d7695635a5cbec4ae5f66456b951fdabe7d6b387055f13267cde521f10ec7f7
  languageName: node
  linkType: hard

"lodash.isinteger@npm:^4.0.4":
  version: 4.0.4
  resolution: "lodash.isinteger@npm:4.0.4"
  checksum: 4c3e023a2373bf65bf366d3b8605b97ec830bca702a926939bcaa53f8e02789b6a176e7f166b082f9365bfec4121bfeb52e86e9040cb8d450e64c858583f61b7
  languageName: node
  linkType: hard

"lodash.isnumber@npm:^3.0.3":
  version: 3.0.3
  resolution: "lodash.isnumber@npm:3.0.3"
  checksum: 2d01530513a1ee4f72dd79528444db4e6360588adcb0e2ff663db2b3f642d4bb3d687051ae1115751ca9082db4fdef675160071226ca6bbf5f0c123dbf0aa12d
  languageName: node
  linkType: hard

"lodash.isplainobject@npm:^4.0.6":
  version: 4.0.6
  resolution: "lodash.isplainobject@npm:4.0.6"
  checksum: afd70b5c450d1e09f32a737bed06ff85b873ecd3d3d3400458725283e3f2e0bb6bf48e67dbe7a309eb371a822b16a26cca4a63c8c52db3fc7dc9d5f9dd324cbb
  languageName: node
  linkType: hard

"lodash.isstring@npm:^4.0.1":
  version: 4.0.1
  resolution: "lodash.isstring@npm:4.0.1"
  checksum: 09eaf980a283f9eef58ef95b30ec7fee61df4d6bf4aba3b5f096869cc58f24c9da17900febc8ffd67819b4e29de29793190e88dc96983db92d84c95fa85d1c92
  languageName: node
  linkType: hard

"lodash.once@npm:^4.0.0":
  version: 4.1.1
  resolution: "lodash.once@npm:4.1.1"
  checksum: 46a9a0a66c45dd812fcc016e46605d85ad599fe87d71a02f6736220554b52ffbe82e79a483ad40f52a8a95755b0d1077fba259da8bfb6694a7abbf4a48f1fc04
  languageName: node
  linkType: hard

"lru-cache@npm:^6.0.0":
  version: 6.0.0
  resolution: "lru-cache@npm:6.0.0"
  dependencies:
    yallist: ^4.0.0
  checksum: cb53e582785c48187d7a188d3379c181b5ca2a9c78d2bce3e7dee36f32761d1c42983da3fe12b55cb74e1779fa94cdc2e5367c028a9b35317184ede0c07a30a9
  languageName: node
  linkType: hard

"ms@npm:^2.1.1":
  version: 2.1.3
  resolution: "ms@npm:2.1.3"
  checksum: d924b57e7312b3b63ad21fc5b3dc0af5e78d61a1fc7cfb5457edaf26326bf62be5307cc87ffb6862ef1c2b33b0233cdb5d4f01c4c958cc0d660948b65a287a48
  languageName: node
  linkType: hard

"node-fetch@npm:^2.6.1":
  version: 2.6.1
  resolution: "node-fetch@npm:2.6.1"
  checksum: c58586d121782df045681e29608f940be90c7d8c4cada29957c148cfcc5e2d81d74b690cf10ee6879ed055da7ea821450a74ff43f3bde651cf6c8a5f34a77e2a
  languageName: node
  linkType: hard

"octokit@npm:1.7.0":
  version: 1.7.0
  resolution: "octokit@npm:1.7.0"
  dependencies:
    "@octokit/app": ^12.0.4
    "@octokit/core": ^3.5.1
    "@octokit/oauth-app": ^3.5.1
    "@octokit/plugin-paginate-rest": ^2.16.8
    "@octokit/plugin-rest-endpoint-methods": ^5.12.0
    "@octokit/plugin-retry": ^3.0.9
    "@octokit/plugin-throttling": ^3.5.1
    "@octokit/types": ^6.26.0
  checksum: 57a4770594b9ffda4832ab7080c45884d8906937e216b83e0a789168c423fb3cb2d23ea201fee0f885c749ad4d66b5f3f45d6106779d77e793a7ebf9082a16f7
  languageName: node
  linkType: hard

"once@npm:^1.4.0":
  version: 1.4.0
  resolution: "once@npm:1.4.0"
  dependencies:
    wrappy: 1
  checksum: 5d48aca287dfefabd756621c5dfce5c91a549a93e9fdb7b8246bc4c4790aa2ec17b34a260530474635147aeb631a2dcc8b32c613df0675f96041cbb8244517d0
  languageName: node
  linkType: hard

"release-notes@workspace:.":
  version: 0.0.0-use.local
  resolution: "release-notes@workspace:."
  dependencies:
    octokit: 1.7.0
  languageName: unknown
  linkType: soft

"safe-buffer@npm:^5.0.1":
  version: 5.2.1
  resolution: "safe-buffer@npm:5.2.1"
  checksum: 6501914237c0a86e9675d4e51d89ca3c21ffd6a31642efeba25ad65720bce6921c9e7e974e5be91a786b25aa058b5303285d3c15dbabf983a919f5f630d349f3
  languageName: node
  linkType: hard

"semver@npm:^5.6.0":
  version: 5.7.1
  resolution: "semver@npm:5.7.1"
  bin:
    semver: ./bin/semver
  checksum: d4884f2aeca28bff35d0bd40ff0a9b2dfc4b36a883bf0ea5dc15d10d9a01bdc9041035b05f825d4b5ac8a56e490703dbf0d986d054de82cc5e9bad3f02ca6e00
  languageName: node
  linkType: hard

"universal-github-app-jwt@npm:^1.0.1":
  version: 1.1.0
  resolution: "universal-github-app-jwt@npm:1.1.0"
  dependencies:
    "@types/jsonwebtoken": ^8.3.3
    jsonwebtoken: ^8.5.1
  checksum: 48d0b58527c32bb4dad8d165649a4674c9c6c6ee00f56a5358f8079e063b6fefbf9c014269ca69e1c92b9a299faec6a6fa6a1b2b0029468fd35d776786aa7dc3
  languageName: node
  linkType: hard

"universal-user-agent@npm:^6.0.0":
  version: 6.0.0
  resolution: "universal-user-agent@npm:6.0.0"
  checksum: ebeb0206963666c13bcf9ebc86d0577c7daed5870c05cd34d4972ee7a43b9ef20679baf2a8c83bf1b71d899bae67243ac4982d84ddaf9ba0355ff76595819961
  languageName: node
  linkType: hard

"wrappy@npm:1":
  version: 1.0.2
  resolution: "wrappy@npm:1.0.2"
  checksum: 56fece1a4018c6a6c8e28fbc88c87e0fbf4ea8fd64fc6c63b18f4acc4bd13e0ad2515189786dd2c30d3eec9663d70f4ecf699330002f8ccb547e4a18231fc9f0
  languageName: node
  linkType: hard

"yallist@npm:^4.0.0":
  version: 4.0.0
  resolution: "yallist@npm:4.0.0"
  checksum: 2286b5e8dbfe22204ab66e2ef5cc9bbb1e55dfc873bbe0d568aa943eb255d131890dfd5bf243637273d31119b870f49c18fcde2c6ffbb7a7a092b870dc90625a
  languageName: node
  linkType: hard
