# This file is generated by running "yarn install" inside your project.
# Manual changes might be lost - proceed with caution!

__metadata:
  version: 4
  cacheKey: 8c0

"@babel/runtime@npm:^7.11.0, @babel/runtime@npm:^7.7.6":
  version: 7.11.2
  resolution: "@babel/runtime@npm:7.11.2"
  dependencies:
    regenerator-runtime: ^0.13.4
  checksum: f284240921a3d752ec307de9fd485181bb619bf5ad0f6b7bb91e9b74604796ded1aad9187b607e9a3ae857471cf0069c931a4716121e1c57b1c5c43a914dcb03
  languageName: node
  linkType: hard

"@types/color-name@npm:^1.1.1":
  version: 1.1.1
  resolution: "@types/color-name@npm:1.1.1"
  checksum: 2abeac8d8d833e0622c66f21487cc8b522792abb2eff2e40df0e3e53261728cb65bab590edf24953eb8d8653ec88044dc801d9a4e58c489a0f10c025de522868
  languageName: node
  linkType: hard

"all-contributors-cli@npm:^6.20.0":
  version: 6.20.0
  resolution: "all-contributors-cli@npm:6.20.0"
  dependencies:
    "@babel/runtime": ^7.7.6
    async: ^3.0.1
    chalk: ^4.0.0
    didyoumean: ^1.2.1
    inquirer: ^7.0.4
    json-fixer: ^1.5.1
    lodash: ^4.11.2
    node-fetch: ^2.6.0
    pify: ^5.0.0
    yargs: ^15.0.1
  bin:
    all-contributors: dist/cli.js
  checksum: 804b371f74ef34137e8d9099f325f9cd4a15b4bb5833bd90d86b65284f54543338952304fa94e07bb6171a0a9d6a6dd49ba6ba5ebd80deaf881dd2b09726eca4
  languageName: node
  linkType: hard

"ansi-escapes@npm:^4.2.1":
  version: 4.3.1
  resolution: "ansi-escapes@npm:4.3.1"
  dependencies:
    type-fest: ^0.11.0
  checksum: 85739659039d7c959a5f47067ec50bfead0b022fcc7ea6a2558f6dc32e2c7547ceda20a21e0f81d58685c388e7acdfeed66273f5ce1e32bcb0cae7d1f9d036a5
  languageName: node
  linkType: hard

"ansi-regex@npm:^5.0.0":
  version: 5.0.0
  resolution: "ansi-regex@npm:5.0.0"
  checksum: 4c711eeec7ab00c1869e926ae78758abd10137047cbb08b6fda499be2dc39c2d5f21e15c7279dbb222de523b53834b54043d4997191f62372d5e2250edcbc83a
  languageName: node
  linkType: hard

"ansi-styles@npm:^4.0.0, ansi-styles@npm:^4.1.0":
  version: 4.2.1
  resolution: "ansi-styles@npm:4.2.1"
  dependencies:
    "@types/color-name": ^1.1.1
    color-convert: ^2.0.1
  checksum: 12d0ebf418666965807ab03e030c1dee52f9e219dde64ce5044a6ca658b8ceb2224d283a8300f3c05568b3428c5707f9cf882c8ddd4dce219ed0528423731d61
  languageName: node
  linkType: hard

"async@npm:^3.0.1":
  version: 3.2.0
  resolution: "async@npm:3.2.0"
  checksum: f676c6964d313dfce5ad7b7dfca3b360436972647e13ac512a2e1c3858b6afbc4d297d629bf306b2135f514639409f2e3fd8d9f1e58a35b096f19439e1b33c98
  languageName: node
  linkType: hard

"camelcase@npm:^5.0.0":
  version: 5.3.1
  resolution: "camelcase@npm:5.3.1"
  checksum: 92ff9b443bfe8abb15f2b1513ca182d16126359ad4f955ebc83dc4ddcc4ef3fdd2c078bc223f2673dc223488e75c99b16cc4d056624374b799e6a1555cf61b23
  languageName: node
  linkType: hard

"chalk@npm:^4.0.0, chalk@npm:^4.1.0":
  version: 4.1.0
  resolution: "chalk@npm:4.1.0"
  dependencies:
    ansi-styles: ^4.1.0
    supports-color: ^7.1.0
  checksum: 3787bd65ecd98ab3a1acc3b4f71d006268a675875e49ee6ea75fb54ba73d268b97544368358c18c42445e408e076ae8ad5cec8fbad36942a2c7ac654883dc61e
  languageName: node
  linkType: hard

"chardet@npm:^0.7.0":
  version: 0.7.0
  resolution: "chardet@npm:0.7.0"
  checksum: 96e4731b9ec8050cbb56ab684e8c48d6c33f7826b755802d14e3ebfdc51c57afeece3ea39bc6b09acc359e4363525388b915e16640c1378053820f5e70d0f27d
  languageName: node
  linkType: hard

"cli-cursor@npm:^3.1.0":
  version: 3.1.0
  resolution: "cli-cursor@npm:3.1.0"
  dependencies:
    restore-cursor: ^3.1.0
  checksum: 92a2f98ff9037d09be3dfe1f0d749664797fb674bf388375a2207a1203b69d41847abf16434203e0089212479e47a358b13a0222ab9fccfe8e2644a7ccebd111
  languageName: node
  linkType: hard

"cli-width@npm:^3.0.0":
  version: 3.0.0
  resolution: "cli-width@npm:3.0.0"
  checksum: 125a62810e59a2564268c80fdff56c23159a7690c003e34aeb2e68497dccff26911998ff49c33916fcfdf71e824322cc3953e3f7b48b27267c7a062c81348a9a
  languageName: node
  linkType: hard

"cliui@npm:^6.0.0":
  version: 6.0.0
  resolution: "cliui@npm:6.0.0"
  dependencies:
    string-width: ^4.2.0
    strip-ansi: ^6.0.0
    wrap-ansi: ^6.2.0
  checksum: 35229b1bb48647e882104cac374c9a18e34bbf0bace0e2cf03000326b6ca3050d6b59545d91e17bfe3705f4a0e2988787aa5cde6331bf5cbbf0164732cef6492
  languageName: node
  linkType: hard

"color-convert@npm:^2.0.1":
  version: 2.0.1
  resolution: "color-convert@npm:2.0.1"
  dependencies:
    color-name: ~1.1.4
  checksum: 37e1150172f2e311fe1b2df62c6293a342ee7380da7b9cfdba67ea539909afbd74da27033208d01d6d5cfc65ee7868a22e18d7e7648e004425441c0f8a15a7d7
  languageName: node
  linkType: hard

"color-name@npm:~1.1.4":
  version: 1.1.4
  resolution: "color-name@npm:1.1.4"
  checksum: a1a3f914156960902f46f7f56bc62effc6c94e84b2cae157a526b1c1f74b677a47ec602bf68a61abfa2b42d15b7c5651c6dbe72a43af720bc588dff885b10f95
  languageName: node
  linkType: hard

"decamelize@npm:^1.2.0":
  version: 1.2.0
  resolution: "decamelize@npm:1.2.0"
  checksum: 85c39fe8fbf0482d4a1e224ef0119db5c1897f8503bcef8b826adff7a1b11414972f6fef2d7dec2ee0b4be3863cf64ac1439137ae9e6af23a3d8dcbe26a5b4b2
  languageName: node
  linkType: hard

"didyoumean@npm:^1.2.1":
  version: 1.2.1
  resolution: "didyoumean@npm:1.2.1"
  checksum: 678bbdb92e9917fe89a3840858fcc1fd2b18e0597213faf75e5a336141ea9918ad4ed1cf17122100758f4508c222f3faca525cb96ae96593160f40014d8c04d9
  languageName: node
  linkType: hard

"emoji-regex@npm:^8.0.0":
  version: 8.0.0
  resolution: "emoji-regex@npm:8.0.0"
  checksum: b6053ad39951c4cf338f9092d7bfba448cdfd46fe6a2a034700b149ac9ffbc137e361cbd3c442297f86bed2e5f7576c1b54cc0a6bf8ef5106cc62f496af35010
  languageName: node
  linkType: hard

"escape-string-regexp@npm:^1.0.5":
  version: 1.0.5
  resolution: "escape-string-regexp@npm:1.0.5"
  checksum: a968ad453dd0c2724e14a4f20e177aaf32bb384ab41b674a8454afe9a41c5e6fe8903323e0a1052f56289d04bd600f81278edf140b0fcc02f5cac98d0f5b5371
  languageName: node
  linkType: hard

"external-editor@npm:^3.0.3":
  version: 3.1.0
  resolution: "external-editor@npm:3.1.0"
  dependencies:
    chardet: ^0.7.0
    iconv-lite: ^0.4.24
    tmp: ^0.0.33
  checksum: c98f1ba3efdfa3c561db4447ff366a6adb5c1e2581462522c56a18bf90dfe4da382f9cd1feee3e330108c3595a854b218272539f311ba1b3298f841eb0fbf339
  languageName: node
  linkType: hard

"figures@npm:^3.0.0":
  version: 3.2.0
  resolution: "figures@npm:3.2.0"
  dependencies:
    escape-string-regexp: ^1.0.5
  checksum: 9c421646ede432829a50bc4e55c7a4eb4bcb7cc07b5bab2f471ef1ab9a344595bbebb6c5c21470093fbb730cd81bbca119624c40473a125293f656f49cb47629
  languageName: node
  linkType: hard

"find-up@npm:^4.1.0":
  version: 4.1.0
  resolution: "find-up@npm:4.1.0"
  dependencies:
    locate-path: ^5.0.0
    path-exists: ^4.0.0
  checksum: 0406ee89ebeefa2d507feb07ec366bebd8a6167ae74aa4e34fb4c4abd06cf782a3ce26ae4194d70706f72182841733f00551c209fe575cb00bd92104056e78c1
  languageName: node
  linkType: hard

"get-caller-file@npm:^2.0.1":
  version: 2.0.5
  resolution: "get-caller-file@npm:2.0.5"
  checksum: c6c7b60271931fa752aeb92f2b47e355eac1af3a2673f47c9589e8f8a41adc74d45551c1bc57b5e66a80609f10ffb72b6f575e4370d61cc3f7f3aaff01757cde
  languageName: node
  linkType: hard

"has-flag@npm:^4.0.0":
  version: 4.0.0
  resolution: "has-flag@npm:4.0.0"
  checksum: 2e789c61b7888d66993e14e8331449e525ef42aac53c627cc53d1c3334e768bcb6abdc4f5f0de1478a25beec6f0bd62c7549058b7ac53e924040d4f301f02fd1
  languageName: node
  linkType: hard

"iconv-lite@npm:^0.4.24":
  version: 0.4.24
  resolution: "iconv-lite@npm:0.4.24"
  dependencies:
    safer-buffer: ">= 2.1.2 < 3"
  checksum: c6886a24cc00f2a059767440ec1bc00d334a89f250db8e0f7feb4961c8727118457e27c495ba94d082e51d3baca378726cd110aaf7ded8b9bbfd6a44760cf1d4
  languageName: node
  linkType: hard

"inquirer@npm:^7.0.4":
  version: 7.3.3
  resolution: "inquirer@npm:7.3.3"
  dependencies:
    ansi-escapes: ^4.2.1
    chalk: ^4.1.0
    cli-cursor: ^3.1.0
    cli-width: ^3.0.0
    external-editor: ^3.0.3
    figures: ^3.0.0
    lodash: ^4.17.19
    mute-stream: 0.0.8
    run-async: ^2.4.0
    rxjs: ^6.6.0
    string-width: ^4.1.0
    strip-ansi: ^6.0.0
    through: ^2.3.6
  checksum: 96e75974cfd863fe6653c075e41fa5f1a290896df141189816db945debabcd92d3277145f11aef8d2cfca5409ab003ccdd18a099744814057b52a2f27aeb8c94
  languageName: node
  linkType: hard

"is-fullwidth-code-point@npm:^3.0.0":
  version: 3.0.0
  resolution: "is-fullwidth-code-point@npm:3.0.0"
  checksum: bb11d825e049f38e04c06373a8d72782eee0205bda9d908cc550ccb3c59b99d750ff9537982e01733c1c94a58e35400661f57042158ff5e8f3e90cf936daf0fc
  languageName: node
  linkType: hard

"json-fixer@npm:^1.5.1":
  version: 1.6.3
  resolution: "json-fixer@npm:1.6.3"
  dependencies:
    "@babel/runtime": ^7.11.0
    chalk: ^4.1.0
    pegjs: ^0.10.0
  checksum: 8b6fc8d7fbba57475817ad13e67b6581b1f4a92f569b1aca7cc33f6b11df2b421eccd5161eb3e6caab33c49daf71771da1ce1feb7253e4619fa847603e16f8d9
  languageName: node
  linkType: hard

"locate-path@npm:^5.0.0":
  version: 5.0.0
  resolution: "locate-path@npm:5.0.0"
  dependencies:
    p-locate: ^4.1.0
  checksum: 33a1c5247e87e022f9713e6213a744557a3e9ec32c5d0b5efb10aa3a38177615bf90221a5592674857039c1a0fd2063b82f285702d37b792d973e9e72ace6c59
  languageName: node
  linkType: hard

"lodash@npm:^4.11.2, lodash@npm:^4.17.19":
  version: 4.17.20
  resolution: "lodash@npm:4.17.20"
  checksum: faec37cb9f161b766bdc078a1356a07b9eaaa867796dd2520a407fe0a6a6d7be031e8f228f0cf3d305095703ee40258616c870b8d17dcdcb16f745bf31e8c3c2
  languageName: node
  linkType: hard

"mimic-fn@npm:^2.1.0":
  version: 2.1.0
  resolution: "mimic-fn@npm:2.1.0"
  checksum: b26f5479d7ec6cc2bce275a08f146cf78f5e7b661b18114e2506dd91ec7ec47e7a25bf4360e5438094db0560bcc868079fb3b1fb3892b833c1ecbf63f80c95a4
  languageName: node
  linkType: hard

"mute-stream@npm:0.0.8":
  version: 0.0.8
  resolution: "mute-stream@npm:0.0.8"
  checksum: 18d06d92e5d6d45e2b63c0e1b8f25376af71748ac36f53c059baa8b76ffac31c5ab225480494e7d35d30215ecdb18fed26ec23cafcd2f7733f2f14406bcd19e2
  languageName: node
  linkType: hard

"node-fetch@npm:^2.6.0":
  version: 2.6.0
  resolution: "node-fetch@npm:2.6.0"
  checksum: ad8b68b9d93c6e7c3f1e8f3cb3d3d48449a3aa7d9df444c332573b6b49393495c30dffef81adc7b1eb3da8acf285d05399bfd685d8a68bd5cc3704bb00861f85
  languageName: node
  linkType: hard

"onetime@npm:^5.1.0":
  version: 5.1.2
  resolution: "onetime@npm:5.1.2"
  dependencies:
    mimic-fn: ^2.1.0
  checksum: ffcef6fbb2692c3c40749f31ea2e22677a876daea92959b8a80b521d95cca7a668c884d8b2045d1d8ee7d56796aa405c405462af112a1477594cc63531baeb8f
  languageName: node
  linkType: hard

"os-tmpdir@npm:~1.0.2":
  version: 1.0.2
  resolution: "os-tmpdir@npm:1.0.2"
  checksum: f438450224f8e2687605a8dd318f0db694b6293c5d835ae509a69e97c8de38b6994645337e5577f5001115470414638978cc49da1cdcc25106dad8738dc69990
  languageName: node
  linkType: hard

"p-limit@npm:^2.2.0":
  version: 2.3.0
  resolution: "p-limit@npm:2.3.0"
  dependencies:
    p-try: ^2.0.0
  checksum: 8da01ac53efe6a627080fafc127c873da40c18d87b3f5d5492d465bb85ec7207e153948df6b9cbaeb130be70152f874229b8242ee2be84c0794082510af97f12
  languageName: node
  linkType: hard

"p-locate@npm:^4.1.0":
  version: 4.1.0
  resolution: "p-locate@npm:4.1.0"
  dependencies:
    p-limit: ^2.2.0
  checksum: 1b476ad69ad7f6059744f343b26d51ce091508935c1dbb80c4e0a2f397ffce0ca3a1f9f5cd3c7ce19d7929a09719d5c65fe70d8ee289c3f267cd36f2881813e9
  languageName: node
  linkType: hard

"p-try@npm:^2.0.0":
  version: 2.2.0
  resolution: "p-try@npm:2.2.0"
  checksum: c36c19907734c904b16994e6535b02c36c2224d433e01a2f1ab777237f4d86e6289fd5fd464850491e940379d4606ed850c03e0f9ab600b0ebddb511312e177f
  languageName: node
  linkType: hard

"path-exists@npm:^4.0.0":
  version: 4.0.0
  resolution: "path-exists@npm:4.0.0"
  checksum: 8c0bd3f5238188197dc78dced15207a4716c51cc4e3624c44fc97acf69558f5ebb9a2afff486fe1b4ee148e0c133e96c5e11a9aa5c48a3006e3467da070e5e1b
  languageName: node
  linkType: hard

"pegjs@npm:^0.10.0":
  version: 0.10.0
  resolution: "pegjs@npm:0.10.0"
  bin:
    pegjs: bin/pegjs
  checksum: 51f2aee312cd506c37c21a88fee2d921ccae81697c7aa3e61f0ad8e370d8c37e2a86680993fce405f53337a56ad471f9e7f4377b2eb3c780d5cf6ae8a16ce0a5
  languageName: node
  linkType: hard

"pify@npm:^5.0.0":
  version: 5.0.0
  resolution: "pify@npm:5.0.0"
  checksum: 9f6f3cd1f159652692f514383efe401a06473af35a699962230ad1c4c9796df5999961461fc1a3b81eed8e3e74adb8bd032474fb3f93eb6bdbd9f33328da1ed2
  languageName: node
  linkType: hard

"redwoodjs-all-contributors@workspace:.":
  version: 0.0.0-use.local
  resolution: "redwoodjs-all-contributors@workspace:."
  dependencies:
    all-contributors-cli: ^6.20.0
  languageName: unknown
  linkType: soft

"regenerator-runtime@npm:^0.13.4":
  version: 0.13.7
  resolution: "regenerator-runtime@npm:0.13.7"
  checksum: 4731a13643ced51020fcb20eaf77ff7b50aa11e5e53d8bf0affccb8c2beb9ce7f881059b961be4e1df959eb396e8c2daed2ecf6e8409b235fbc234e6c63784d0
  languageName: node
  linkType: hard

"require-directory@npm:^2.1.1":
  version: 2.1.1
  resolution: "require-directory@npm:2.1.1"
  checksum: 83aa76a7bc1531f68d92c75a2ca2f54f1b01463cb566cf3fbc787d0de8be30c9dbc211d1d46be3497dac5785fe296f2dd11d531945ac29730643357978966e99
  languageName: node
  linkType: hard

"require-main-filename@npm:^2.0.0":
  version: 2.0.0
  resolution: "require-main-filename@npm:2.0.0"
  checksum: db91467d9ead311b4111cbd73a4e67fa7820daed2989a32f7023785a2659008c6d119752d9c4ac011ae07e537eb86523adff99804c5fdb39cd3a017f9b401bb6
  languageName: node
  linkType: hard

"restore-cursor@npm:^3.1.0":
  version: 3.1.0
  resolution: "restore-cursor@npm:3.1.0"
  dependencies:
    onetime: ^5.1.0
    signal-exit: ^3.0.2
  checksum: 8051a371d6aa67ff21625fa94e2357bd81ffdc96267f3fb0fc4aaf4534028343836548ef34c240ffa8c25b280ca35eb36be00b3cb2133fa4f51896d7e73c6b4f
  languageName: node
  linkType: hard

"run-async@npm:^2.4.0":
  version: 2.4.1
  resolution: "run-async@npm:2.4.1"
  checksum: 35a68c8f1d9664f6c7c2e153877ca1d6e4f886e5ca067c25cdd895a6891ff3a1466ee07c63d6a9be306e9619ff7d509494e6d9c129516a36b9fd82263d579ee1
  languageName: node
  linkType: hard

"rxjs@npm:^6.6.0":
  version: 6.6.2
  resolution: "rxjs@npm:6.6.2"
  dependencies:
    tslib: ^1.9.0
  checksum: 1d4e79098d14e0aed46ff6165d442688b526452b5e94039c44c1f2179e40acb2b78748f5e294e19f521614497914250f7ca11c3672249da284902dfdf061a792
  languageName: node
  linkType: hard

"safer-buffer@npm:>= 2.1.2 < 3":
  version: 2.1.2
  resolution: "safer-buffer@npm:2.1.2"
  checksum: 7e3c8b2e88a1841c9671094bbaeebd94448111dd90a81a1f606f3f67708a6ec57763b3b47f06da09fc6054193e0e6709e77325415dc8422b04497a8070fa02d4
  languageName: node
  linkType: hard

"set-blocking@npm:^2.0.0":
  version: 2.0.0
  resolution: "set-blocking@npm:2.0.0"
  checksum: 9f8c1b2d800800d0b589de1477c753492de5c1548d4ade52f57f1d1f5e04af5481554d75ce5e5c43d4004b80a3eb714398d6907027dc0534177b7539119f4454
  languageName: node
  linkType: hard

"signal-exit@npm:^3.0.2":
  version: 3.0.3
  resolution: "signal-exit@npm:3.0.3"
  checksum: 645cf460a417158e7d7fd03fb276aa12aecc49ab61a2ea36dac1987870a454e8af476ed926c8a8713a1adfde69c5964a4ca322c87fcca2367b36e1681207cf5f
  languageName: node
  linkType: hard

"string-width@npm:^4.1.0, string-width@npm:^4.2.0":
  version: 4.2.0
  resolution: "string-width@npm:4.2.0"
  dependencies:
    emoji-regex: ^8.0.0
    is-fullwidth-code-point: ^3.0.0
    strip-ansi: ^6.0.0
  checksum: 54d6451abfdca5f147f930fe4eb1bbdf409ba115042146bb93dae309342124afcfeb776149075f60a6f8d6b2d3b68f48702fc96144b37789dd7a4752284b9648
  languageName: node
  linkType: hard

"strip-ansi@npm:^6.0.0":
  version: 6.0.0
  resolution: "strip-ansi@npm:6.0.0"
  dependencies:
    ansi-regex: ^5.0.0
  checksum: 85257c80250541cc0e65088c7dc768563bdbd1bf7120471d6d3a73cdc60e8149a50038c12a6fd4a30b674587f306ae42e2cc73ac3095daf193633daa0bd8f928
  languageName: node
  linkType: hard

"supports-color@npm:^7.1.0":
  version: 7.2.0
  resolution: "supports-color@npm:7.2.0"
  dependencies:
    has-flag: ^4.0.0
  checksum: afb4c88521b8b136b5f5f95160c98dee7243dc79d5432db7efc27efb219385bbc7d9427398e43dd6cc730a0f87d5085ce1652af7efbe391327bc0a7d0f7fc124
  languageName: node
  linkType: hard

"through@npm:^2.3.6":
  version: 2.3.8
  resolution: "through@npm:2.3.8"
  checksum: 4b09f3774099de0d4df26d95c5821a62faee32c7e96fb1f4ebd54a2d7c11c57fe88b0a0d49cf375de5fee5ae6bf4eb56dbbf29d07366864e2ee805349970d3cc
  languageName: node
  linkType: hard

"tmp@npm:^0.0.33":
  version: 0.0.33
  resolution: "tmp@npm:0.0.33"
  dependencies:
    os-tmpdir: ~1.0.2
  checksum: 69863947b8c29cabad43fe0ce65cec5bb4b481d15d4b4b21e036b060b3edbf3bc7a5541de1bacb437bb3f7c4538f669752627fdf9b4aaf034cebd172ba373408
  languageName: node
  linkType: hard

"tslib@npm:^1.9.0":
  version: 1.13.0
  resolution: "tslib@npm:1.13.0"
  checksum: ae615d9a69f605a31beec7619ebd102961220fae79a3a4cb8f9740baf48d2f3d0d16461a39a43a4b7c139713b4535d3bfe32efab749854fb169d053188f23410
  languageName: node
  linkType: hard

"type-fest@npm:^0.11.0":
  version: 0.11.0
  resolution: "type-fest@npm:0.11.0"
  checksum: d548325b34e6110ce28acb6404f797758404354b7edc7b767203741781d92739ee9f6188ca0ebc9d988a5d3f51d47c5295b0d777939913b74bb0eda8e62893f9
  languageName: node
  linkType: hard

"which-module@npm:^2.0.0":
  version: 2.0.0
  resolution: "which-module@npm:2.0.0"
  checksum: 946ffdbcd6f0cf517638f8f2319c6d51e528c3b41bc2c0f5dc3dc46047347abd7326aea5cdf5def0a8b32bdca313ac87a32ce5a76b943fe1ca876c4557e6b716
  languageName: node
  linkType: hard

"wrap-ansi@npm:^6.2.0":
  version: 6.2.0
  resolution: "wrap-ansi@npm:6.2.0"
  dependencies:
    ansi-styles: ^4.0.0
    string-width: ^4.1.0
    strip-ansi: ^6.0.0
  checksum: baad244e6e33335ea24e86e51868fe6823626e3a3c88d9a6674642afff1d34d9a154c917e74af8d845fd25d170c4ea9cf69a47133c3f3656e1252b3d462d9f6c
  languageName: node
  linkType: hard

"y18n@npm:^4.0.0":
  version: 4.0.0
  resolution: "y18n@npm:4.0.0"
  checksum: 2db291a3288e96916e0afb5cf5d230b9ce75acb7b3d2cd50bfc75b83df512e7a58a69094dab07d72c9f77c0be7c15f50e940c1863c79f5c18f42b8ca90bbfeb2
  languageName: node
  linkType: hard

"yargs-parser@npm:^18.1.2":
  version: 18.1.3
  resolution: "yargs-parser@npm:18.1.3"
  dependencies:
    camelcase: ^5.0.0
    decamelize: ^1.2.0
  checksum: 25df918833592a83f52e7e4f91ba7d7bfaa2b891ebf7fe901923c2ee797534f23a176913ff6ff7ebbc1cc1725a044cc6a6539fed8bfd4e13b5b16376875f9499
  languageName: node
  linkType: hard

"yargs@npm:^15.0.1":
  version: 15.4.1
  resolution: "yargs@npm:15.4.1"
  dependencies:
    cliui: ^6.0.0
    decamelize: ^1.2.0
    find-up: ^4.1.0
    get-caller-file: ^2.0.1
    require-directory: ^2.1.1
    require-main-filename: ^2.0.0
    set-blocking: ^2.0.0
    string-width: ^4.2.0
    which-module: ^2.0.0
    y18n: ^4.0.0
    yargs-parser: ^18.1.2
  checksum: f1ca680c974333a5822732825cca7e95306c5a1e7750eb7b973ce6dc4f97a6b0a8837203c8b194f461969bfe1fb1176d1d423036635285f6010b392fa498ab2d
  languageName: node
  linkType: hard
