# This file is generated by running "yarn install" inside your project.
# Manual changes might be lost - proceed with caution!

__metadata:
  version: 8
  cacheKey: 10c0

"@actions/core@npm:1.10.1":
  version: 1.10.1
  resolution: "@actions/core@npm:1.10.1"
  dependencies:
    "@actions/http-client": "npm:^2.0.1"
    uuid: "npm:^8.3.2"
  checksum: 10c0/7a61446697a23dcad3545cf0634dedbdedf20ae9a0ee6ee977554589a15deb4a93593ee48a41258933d58ce0778f446b0d2c162b60750956fb75e0b9560fb832
  languageName: node
  linkType: hard

"@actions/exec@npm:1.1.1":
  version: 1.1.1
  resolution: "@actions/exec@npm:1.1.1"
  dependencies:
    "@actions/io": "npm:^1.0.1"
  checksum: 10c0/4a09f6bdbe50ce68b5cf8a7254d176230d6a74bccf6ecc3857feee209a8c950ba9adec87cc5ecceb04110182d1c17117234e45557d72fde6229b7fd3a395322a
  languageName: node
  linkType: hard

"@actions/github@npm:6.0.0":
  version: 6.0.0
  resolution: "@actions/github@npm:6.0.0"
  dependencies:
    "@actions/http-client": "npm:^2.2.0"
    "@octokit/core": "npm:^5.0.1"
    "@octokit/plugin-paginate-rest": "npm:^9.0.0"
    "@octokit/plugin-rest-endpoint-methods": "npm:^10.0.0"
  checksum: 10c0/6f86f564e6ec5873c69ff23bed308cef5f964dbdb559c5415c1ba479517bf18352713a2a757c27f8f67a3d675fdd78446cf142b27762489f697edf9c58e72378
  languageName: node
  linkType: hard

"@actions/http-client@npm:^2.0.1, @actions/http-client@npm:^2.2.0":
  version: 2.2.0
  resolution: "@actions/http-client@npm:2.2.0"
  dependencies:
    tunnel: "npm:^0.0.6"
    undici: "npm:^5.25.4"
  checksum: 10c0/868fe8529d78beb72f84ea2486e232fa6f66abe00d6ec4591b98c37e762c3d812868a3548638d75b49917961fd10ba1556916b47b1e9e4b55c266e2013c3ae8e
  languageName: node
  linkType: hard

"@actions/io@npm:^1.0.1":
  version: 1.1.3
  resolution: "@actions/io@npm:1.1.3"
  checksum: 10c0/5b8751918e5bf0bebd923ba917fb1c0e294401e7ff0037f32c92a4efa4215550df1f6633c63fd4efb2bdaae8711e69b9e36925857db1f38935ff62a5c92ec29e
  languageName: node
  linkType: hard

"@fastify/busboy@npm:^2.0.0":
  version: 2.1.0
  resolution: "@fastify/busboy@npm:2.1.0"
  checksum: 10c0/7bb641080aac7cf01d88749ad331af10ba9ec3713ec07cabbe833908c75df21bd56249bb6173bdec07f5a41896b21e3689316f86684c06635da45f91ff4565a2
  languageName: node
  linkType: hard

"@octokit/auth-token@npm:^4.0.0":
  version: 4.0.0
  resolution: "@octokit/auth-token@npm:4.0.0"
  checksum: 10c0/57acaa6c394c5abab2f74e8e1dcf4e7a16b236f713c77a54b8f08e2d14114de94b37946259e33ec2aab0566b26f724c2b71d2602352b59e541a9854897618f3c
  languageName: node
  linkType: hard

"@octokit/core@npm:^5.0.1":
  version: 5.1.0
  resolution: "@octokit/core@npm:5.1.0"
  dependencies:
    "@octokit/auth-token": "npm:^4.0.0"
    "@octokit/graphql": "npm:^7.0.0"
    "@octokit/request": "npm:^8.0.2"
    "@octokit/request-error": "npm:^5.0.0"
    "@octokit/types": "npm:^12.0.0"
    before-after-hook: "npm:^2.2.0"
    universal-user-agent: "npm:^6.0.0"
  checksum: 10c0/a1d2882373b4a33cd9f6e56d76bcc82e5589a477829fc3491b1ef471a8a83fa437b339a2c76d97d9e8ea4ca12bf3ebf32e66119ba16977e542d98f1f5dd3c994
  languageName: node
  linkType: hard

"@octokit/endpoint@npm:^9.0.0":
  version: 9.0.4
  resolution: "@octokit/endpoint@npm:9.0.4"
  dependencies:
    "@octokit/types": "npm:^12.0.0"
    universal-user-agent: "npm:^6.0.0"
  checksum: 10c0/f1c857c5d85afa9d7e8857f7f97dbec28d3b6ab1dc21fe35172f1bc9e5512c8a3a26edabf6b2d83bb60d700f7ad290c96be960496aa83606095630edfad06db4
  languageName: node
  linkType: hard

"@octokit/graphql@npm:^7.0.0":
  version: 7.0.2
  resolution: "@octokit/graphql@npm:7.0.2"
  dependencies:
    "@octokit/request": "npm:^8.0.1"
    "@octokit/types": "npm:^12.0.0"
    universal-user-agent: "npm:^6.0.0"
  checksum: 10c0/96e5d6b970be60877134cc147b9249534f3a79d691b9932d731d453426fa1e1a0a36111a1b0a6ab43d61309c630903a65db5559b5c800300dc26cf588f50fea8
  languageName: node
  linkType: hard

"@octokit/openapi-types@npm:^19.1.0":
  version: 19.1.0
  resolution: "@octokit/openapi-types@npm:19.1.0"
  checksum: 10c0/ae8081f52b797b91a12d4f6cddc475699c9d34b06645b337adc77d30b583d8fe8506597a45c42f8f1a96bfb2a9d092cee257d8a65d718bfeed23a0d153448eea
  languageName: node
  linkType: hard

"@octokit/plugin-paginate-rest@npm:^9.0.0":
  version: 9.1.5
  resolution: "@octokit/plugin-paginate-rest@npm:9.1.5"
  dependencies:
    "@octokit/types": "npm:^12.4.0"
  peerDependencies:
    "@octokit/core": ">=5"
  checksum: 10c0/a17055dff8fde5ebc03bf935294ffa4605ed714cb15252f0fa63cda1b95e738fafb5ab9748b18fbdfa5615d5f6686cbf193c6d6426e7dc4fd1dda91c87263f3b
  languageName: node
  linkType: hard

"@octokit/plugin-rest-endpoint-methods@npm:^10.0.0":
  version: 10.2.0
  resolution: "@octokit/plugin-rest-endpoint-methods@npm:10.2.0"
  dependencies:
    "@octokit/types": "npm:^12.3.0"
  peerDependencies:
    "@octokit/core": ">=5"
  checksum: 10c0/4d00a2334753955f0c3841ba8fc0880c093b94838e011864ee737d958d2d64e3d45d34fa4c8b64bccf9e13c6de81318cbd6e2b24df37992941d12f54def28432
  languageName: node
  linkType: hard

"@octokit/request-error@npm:^5.0.0":
  version: 5.0.1
  resolution: "@octokit/request-error@npm:5.0.1"
  dependencies:
    "@octokit/types": "npm:^12.0.0"
    deprecation: "npm:^2.0.0"
    once: "npm:^1.4.0"
  checksum: 10c0/e72a4627120de345b54876a1f007664095e5be9d624fce2e14fccf7668cd8f5e4929d444d8fc085d48e1fb5cd548538453974aab129a669101110d6679dce6c6
  languageName: node
  linkType: hard

"@octokit/request@npm:^8.0.1, @octokit/request@npm:^8.0.2":
  version: 8.2.0
  resolution: "@octokit/request@npm:8.2.0"
  dependencies:
    "@octokit/endpoint": "npm:^9.0.0"
    "@octokit/request-error": "npm:^5.0.0"
    "@octokit/types": "npm:^12.0.0"
    universal-user-agent: "npm:^6.0.0"
  checksum: 10c0/0789edd3b600c5b7ca74089e2842b7bb679a0ad1ec56e5dda54f052d2dd266ac8e6e2eb3c34ba57962066f0770444bf1e99805fd2d762a47776f567beafcf038
  languageName: node
  linkType: hard

"@octokit/types@npm:^12.0.0, @octokit/types@npm:^12.3.0, @octokit/types@npm:^12.4.0":
  version: 12.4.0
  resolution: "@octokit/types@npm:12.4.0"
  dependencies:
    "@octokit/openapi-types": "npm:^19.1.0"
  checksum: 10c0/b52b3fd8af307a1868846991f8376548a790814b20639dee1110271a768c0489081970df893ca2230f6285066003230d22f5877eeac90418971a475c79808241
  languageName: node
  linkType: hard

"before-after-hook@npm:^2.2.0":
  version: 2.2.3
  resolution: "before-after-hook@npm:2.2.3"
  checksum: 10c0/0488c4ae12df758ca9d49b3bb27b47fd559677965c52cae7b335784724fb8bf96c42b6e5ba7d7afcbc31facb0e294c3ef717cc41c5bc2f7bd9e76f8b90acd31c
  languageName: node
  linkType: hard

"check_changesets@workspace:.":
  version: 0.0.0-use.local
  resolution: "check_changesets@workspace:."
  dependencies:
    "@actions/core": "npm:1.10.1"
    "@actions/exec": "npm:1.1.1"
    "@actions/github": "npm:6.0.0"
  languageName: unknown
  linkType: soft

"deprecation@npm:^2.0.0":
  version: 2.3.1
  resolution: "deprecation@npm:2.3.1"
  checksum: 10c0/23d688ba66b74d09b908c40a76179418acbeeb0bfdf218c8075c58ad8d0c315130cb91aa3dffb623aa3a411a3569ce56c6460de6c8d69071c17fe6dd2442f032
  languageName: node
  linkType: hard

"once@npm:^1.4.0":
  version: 1.4.0
  resolution: "once@npm:1.4.0"
  dependencies:
    wrappy: "npm:1"
  checksum: 10c0/5d48aca287dfefabd756621c5dfce5c91a549a93e9fdb7b8246bc4c4790aa2ec17b34a260530474635147aeb631a2dcc8b32c613df0675f96041cbb8244517d0
  languageName: node
  linkType: hard

"tunnel@npm:^0.0.6":
  version: 0.0.6
  resolution: "tunnel@npm:0.0.6"
  checksum: 10c0/e27e7e896f2426c1c747325b5f54efebc1a004647d853fad892b46d64e37591ccd0b97439470795e5262b5c0748d22beb4489a04a0a448029636670bfd801b75
  languageName: node
  linkType: hard

"undici@npm:^5.25.4":
  version: 5.28.4
  resolution: "undici@npm:5.28.4"
  dependencies:
    "@fastify/busboy": "npm:^2.0.0"
  checksum: 10c0/08d0f2596553aa0a54ca6e8e9c7f45aef7d042c60918564e3a142d449eda165a80196f6ef19ea2ef2e6446959e293095d8e40af1236f0d67223b06afac5ecad7
  languageName: node
  linkType: hard

"universal-user-agent@npm:^6.0.0":
  version: 6.0.1
  resolution: "universal-user-agent@npm:6.0.1"
  checksum: 10c0/5c9c46ffe19a975e11e6443640ed4c9e0ce48fcc7203325757a8414ac49940ebb0f4667f2b1fa561489d1eb22cb2d05a0f7c82ec20c5cba42e58e188fb19b187
  languageName: node
  linkType: hard

"uuid@npm:^8.3.2":
  version: 8.3.2
  resolution: "uuid@npm:8.3.2"
  bin:
    uuid: dist/bin/uuid
  checksum: 10c0/bcbb807a917d374a49f475fae2e87fdca7da5e5530820ef53f65ba1d12131bd81a92ecf259cc7ce317cbe0f289e7d79fdfebcef9bfa3087c8c8a2fa304c9be54
  languageName: node
  linkType: hard

"wrappy@npm:1":
  version: 1.0.2
  resolution: "wrappy@npm:1.0.2"
  checksum: 10c0/56fece1a4018c6a6c8e28fbc88c87e0fbf4ea8fd64fc6c63b18f4acc4bd13e0ad2515189786dd2c30d3eec9663d70f4ecf699330002f8ccb547e4a18231fc9f0
  languageName: node
  linkType: hard
