# This file is generated by running "yarn install" inside your project.
# Manual changes might be lost - proceed with caution!

__metadata:
  version: 6
  cacheKey: 8c0

"@actions/core@npm:1.10.0":
  version: 1.10.0
  resolution: "@actions/core@npm:1.10.0"
  dependencies:
    "@actions/http-client": ^2.0.1
    uuid: ^8.3.2
  checksum: 9214d1e0cf5cf2a5d48b8f3b12488c6be9f6722ea60f2397409226e8410b5a3e12e558d9b66c93469d180399865ec20180119408a1770f026bd9ecac6965fcda
  languageName: node
  linkType: hard

"@actions/exec@npm:1.1.1":
  version: 1.1.1
  resolution: "@actions/exec@npm:1.1.1"
  dependencies:
    "@actions/io": ^1.0.1
  checksum: 4a09f6bdbe50ce68b5cf8a7254d176230d6a74bccf6ecc3857feee209a8c950ba9adec87cc5ecceb04110182d1c17117234e45557d72fde6229b7fd3a395322a
  languageName: node
  linkType: hard

"@actions/http-client@npm:^2.0.1":
  version: 2.0.1
  resolution: "@actions/http-client@npm:2.0.1"
  dependencies:
    tunnel: ^0.0.6
  checksum: b58987ba2f53d7988f612ede7ff834573a3360c21f8fdea9fea92f26ada0fd0efafb22aa7d83f49c18965a5b765775d5253e2edb8d9476d924c4b304ef726b67
  languageName: node
  linkType: hard

"@actions/io@npm:^1.0.1":
  version: 1.1.2
  resolution: "@actions/io@npm:1.1.2"
  checksum: 61c871bbee1cf58f57917d9bb2cf6bb7ea4dc40de3f65c7fb4ec619ceff57fc98f56be9cca2d476b09e7a96e1cba0d88cd125c4f690d384b9483935186f256c1
  languageName: node
  linkType: hard

"@nodelib/fs.scandir@npm:2.1.5":
  version: 2.1.5
  resolution: "@nodelib/fs.scandir@npm:2.1.5"
  dependencies:
    "@nodelib/fs.stat": 2.0.5
    run-parallel: ^1.1.9
  checksum: 732c3b6d1b1e967440e65f284bd06e5821fedf10a1bea9ed2bb75956ea1f30e08c44d3def9d6a230666574edbaf136f8cfd319c14fd1f87c66e6a44449afb2eb
  languageName: node
  linkType: hard

"@nodelib/fs.stat@npm:2.0.5, @nodelib/fs.stat@npm:^2.0.2":
  version: 2.0.5
  resolution: "@nodelib/fs.stat@npm:2.0.5"
  checksum: 88dafe5e3e29a388b07264680dc996c17f4bda48d163a9d4f5c1112979f0ce8ec72aa7116122c350b4e7976bc5566dc3ddb579be1ceaacc727872eb4ed93926d
  languageName: node
  linkType: hard

"@nodelib/fs.walk@npm:^1.2.3":
  version: 1.2.8
  resolution: "@nodelib/fs.walk@npm:1.2.8"
  dependencies:
    "@nodelib/fs.scandir": 2.1.5
    fastq: ^1.6.0
  checksum: db9de047c3bb9b51f9335a7bb46f4fcfb6829fb628318c12115fbaf7d369bfce71c15b103d1fc3b464812d936220ee9bc1c8f762d032c9f6be9acc99249095b1
  languageName: node
  linkType: hard

"@types/glob@npm:^7.1.1":
  version: 7.2.0
  resolution: "@types/glob@npm:7.2.0"
  dependencies:
    "@types/minimatch": "*"
    "@types/node": "*"
  checksum: a8eb5d5cb5c48fc58c7ca3ff1e1ddf771ee07ca5043da6e4871e6757b4472e2e73b4cfef2644c38983174a4bc728c73f8da02845c28a1212f98cabd293ecae98
  languageName: node
  linkType: hard

"@types/minimatch@npm:*":
  version: 3.0.5
  resolution: "@types/minimatch@npm:3.0.5"
  checksum: a1a19ba342d6f39b569510f621ae4bbe972dc9378d15e9a5e47904c440ee60744f5b09225bc73be1c6490e3a9c938eee69eb53debf55ce1f15761201aa965f97
  languageName: node
  linkType: hard

"@types/node@npm:*":
  version: 18.6.2
  resolution: "@types/node@npm:18.6.2"
  checksum: 74279fb0da8afd5f90de1d431c327fe12e0c81dada286920efb18eed5162c32bcb48b85ca3fdc653ef83f2b1aa2435de8dd63dddae3f26eaf0d8a39bbd2f1ab0
  languageName: node
  linkType: hard

"array-union@npm:^2.1.0":
  version: 2.1.0
  resolution: "array-union@npm:2.1.0"
  checksum: 429897e68110374f39b771ec47a7161fc6a8fc33e196857c0a396dc75df0b5f65e4d046674db764330b6bb66b39ef48dd7c53b6a2ee75cfb0681e0c1a7033962
  languageName: node
  linkType: hard

"balanced-match@npm:^1.0.0":
  version: 1.0.2
  resolution: "balanced-match@npm:1.0.2"
  checksum: 9308baf0a7e4838a82bbfd11e01b1cb0f0cf2893bc1676c27c2a8c0e70cbae1c59120c3268517a8ae7fb6376b4639ef81ca22582611dbee4ed28df945134aaee
  languageName: node
  linkType: hard

"brace-expansion@npm:^1.1.7":
  version: 1.1.11
  resolution: "brace-expansion@npm:1.1.11"
  dependencies:
    balanced-match: ^1.0.0
    concat-map: 0.0.1
  checksum: 695a56cd058096a7cb71fb09d9d6a7070113c7be516699ed361317aca2ec169f618e28b8af352e02ab4233fb54eb0168460a40dc320bab0034b36ab59aaad668
  languageName: node
  linkType: hard

"braces@npm:^3.0.2":
  version: 3.0.2
  resolution: "braces@npm:3.0.2"
  dependencies:
    fill-range: ^7.0.1
  checksum: 321b4d675791479293264019156ca322163f02dc06e3c4cab33bb15cd43d80b51efef69b0930cfde3acd63d126ebca24cd0544fa6f261e093a0fb41ab9dda381
  languageName: node
  linkType: hard

"check@workspace:.":
  version: 0.0.0-use.local
  resolution: "check@workspace:."
  dependencies:
    "@actions/core": 1.10.0
    "@actions/exec": 1.1.1
    sort-package-json: 1.57.0
  languageName: unknown
  linkType: soft

"concat-map@npm:0.0.1":
  version: 0.0.1
  resolution: "concat-map@npm:0.0.1"
  checksum: c996b1cfdf95b6c90fee4dae37e332c8b6eb7d106430c17d538034c0ad9a1630cb194d2ab37293b1bdd4d779494beee7786d586a50bd9376fd6f7bcc2bd4c98f
  languageName: node
  linkType: hard

"detect-indent@npm:^6.0.0":
  version: 6.1.0
  resolution: "detect-indent@npm:6.1.0"
  checksum: dd83cdeda9af219cf77f5e9a0dc31d828c045337386cfb55ce04fad94ba872ee7957336834154f7647b89b899c3c7acc977c57a79b7c776b506240993f97acc7
  languageName: node
  linkType: hard

"detect-newline@npm:3.1.0":
  version: 3.1.0
  resolution: "detect-newline@npm:3.1.0"
  checksum: c38cfc8eeb9fda09febb44bcd85e467c970d4e3bf526095394e5a4f18bc26dd0cf6b22c69c1fa9969261521c593836db335c2795218f6d781a512aea2fb8209d
  languageName: node
  linkType: hard

"dir-glob@npm:^3.0.1":
  version: 3.0.1
  resolution: "dir-glob@npm:3.0.1"
  dependencies:
    path-type: ^4.0.0
  checksum: dcac00920a4d503e38bb64001acb19df4efc14536ada475725e12f52c16777afdee4db827f55f13a908ee7efc0cb282e2e3dbaeeb98c0993dd93d1802d3bf00c
  languageName: node
  linkType: hard

"fast-glob@npm:^3.0.3":
  version: 3.2.11
  resolution: "fast-glob@npm:3.2.11"
  dependencies:
    "@nodelib/fs.stat": ^2.0.2
    "@nodelib/fs.walk": ^1.2.3
    glob-parent: ^5.1.2
    merge2: ^1.3.0
    micromatch: ^4.0.4
  checksum: f726d4d6545ae9ade242eba78ae418cd8beac6c9291cdc36fc6b3b4e54f04fa0ecde5767256f2a600d6e14dc49a841adb3aa4b5f3f0c06b35dd4f3954965443d
  languageName: node
  linkType: hard

"fastq@npm:^1.6.0":
  version: 1.13.0
  resolution: "fastq@npm:1.13.0"
  dependencies:
    reusify: ^1.0.4
  checksum: 76c7b5dafb93c7e74359a3e6de834ce7a7c2e3a3184050ed4cb652661de55cf8d4895178d8d3ccd23069395056c7bb15450660d38fb382ca88c142b22694d7c9
  languageName: node
  linkType: hard

"fill-range@npm:^7.0.1":
  version: 7.0.1
  resolution: "fill-range@npm:7.0.1"
  dependencies:
    to-regex-range: ^5.0.1
  checksum: 7cdad7d426ffbaadf45aeb5d15ec675bbd77f7597ad5399e3d2766987ed20bda24d5fac64b3ee79d93276f5865608bb22344a26b9b1ae6c4d00bd94bf611623f
  languageName: node
  linkType: hard

"fs.realpath@npm:^1.0.0":
  version: 1.0.0
  resolution: "fs.realpath@npm:1.0.0"
  checksum: 444cf1291d997165dfd4c0d58b69f0e4782bfd9149fd72faa4fe299e68e0e93d6db941660b37dd29153bf7186672ececa3b50b7e7249477b03fdf850f287c948
  languageName: node
  linkType: hard

"git-hooks-list@npm:1.0.3":
  version: 1.0.3
  resolution: "git-hooks-list@npm:1.0.3"
  checksum: f64565f2887bdb5079af5aa6924a8ad28066006abec0b2d37479a89a1e1defb77f2f967c558c895dc7ece0b5829f27b83d0ee35fc7624ae26fe619ed4389086c
  languageName: node
  linkType: hard

"glob-parent@npm:^5.1.2":
  version: 5.1.2
  resolution: "glob-parent@npm:5.1.2"
  dependencies:
    is-glob: ^4.0.1
  checksum: cab87638e2112bee3f839ef5f6e0765057163d39c66be8ec1602f3823da4692297ad4e972de876ea17c44d652978638d2fd583c6713d0eb6591706825020c9ee
  languageName: node
  linkType: hard

"glob@npm:^7.1.3":
  version: 7.2.3
  resolution: "glob@npm:7.2.3"
  dependencies:
    fs.realpath: ^1.0.0
    inflight: ^1.0.4
    inherits: 2
    minimatch: ^3.1.1
    once: ^1.3.0
    path-is-absolute: ^1.0.0
  checksum: 65676153e2b0c9095100fe7f25a778bf45608eeb32c6048cf307f579649bcc30353277b3b898a3792602c65764e5baa4f643714dfbdfd64ea271d210c7a425fe
  languageName: node
  linkType: hard

"globby@npm:10.0.0":
  version: 10.0.0
  resolution: "globby@npm:10.0.0"
  dependencies:
    "@types/glob": ^7.1.1
    array-union: ^2.1.0
    dir-glob: ^3.0.1
    fast-glob: ^3.0.3
    glob: ^7.1.3
    ignore: ^5.1.1
    merge2: ^1.2.3
    slash: ^3.0.0
  checksum: d5ea5e2e1187ae410a5ef23e5933ed1f2570546424d3c9f18ca48b94ff3ec04b3931fb1acc83967fa5d7cfa0513639af279d93291388c1702e1f336df74338be
  languageName: node
  linkType: hard

"ignore@npm:^5.1.1":
  version: 5.2.0
  resolution: "ignore@npm:5.2.0"
  checksum: 7fb7b4c4c52c2555113ff968f8a83b8ac21b076282bfcb3f468c3fb429be69bd56222306c31de95dd452c647fc6ae24339b8047ebe3ef34c02591abfec58da01
  languageName: node
  linkType: hard

"inflight@npm:^1.0.4":
  version: 1.0.6
  resolution: "inflight@npm:1.0.6"
  dependencies:
    once: ^1.3.0
    wrappy: 1
  checksum: 7faca22584600a9dc5b9fca2cd5feb7135ac8c935449837b315676b4c90aa4f391ec4f42240178244b5a34e8bede1948627fda392ca3191522fc46b34e985ab2
  languageName: node
  linkType: hard

"inherits@npm:2":
  version: 2.0.4
  resolution: "inherits@npm:2.0.4"
  checksum: 4e531f648b29039fb7426fb94075e6545faa1eb9fe83c29f0b6d9e7263aceb4289d2d4557db0d428188eeb449cc7c5e77b0a0b2c4e248ff2a65933a0dee49ef2
  languageName: node
  linkType: hard

"is-extglob@npm:^2.1.1":
  version: 2.1.1
  resolution: "is-extglob@npm:2.1.1"
  checksum: 5487da35691fbc339700bbb2730430b07777a3c21b9ebaecb3072512dfd7b4ba78ac2381a87e8d78d20ea08affb3f1971b4af629173a6bf435ff8a4c47747912
  languageName: node
  linkType: hard

"is-glob@npm:^4.0.1":
  version: 4.0.3
  resolution: "is-glob@npm:4.0.3"
  dependencies:
    is-extglob: ^2.1.1
  checksum: 17fb4014e22be3bbecea9b2e3a76e9e34ff645466be702f1693e8f1ee1adac84710d0be0bd9f967d6354036fd51ab7c2741d954d6e91dae6bb69714de92c197a
  languageName: node
  linkType: hard

"is-number@npm:^7.0.0":
  version: 7.0.0
  resolution: "is-number@npm:7.0.0"
  checksum: b4686d0d3053146095ccd45346461bc8e53b80aeb7671cc52a4de02dbbf7dc0d1d2a986e2fe4ae206984b4d34ef37e8b795ebc4f4295c978373e6575e295d811
  languageName: node
  linkType: hard

"is-plain-obj@npm:2.1.0":
  version: 2.1.0
  resolution: "is-plain-obj@npm:2.1.0"
  checksum: e5c9814cdaa627a9ad0a0964ded0e0491bfd9ace405c49a5d63c88b30a162f1512c069d5b80997893c4d0181eadc3fed02b4ab4b81059aba5620bfcdfdeb9c53
  languageName: node
  linkType: hard

"merge2@npm:^1.2.3, merge2@npm:^1.3.0":
  version: 1.4.1
  resolution: "merge2@npm:1.4.1"
  checksum: 254a8a4605b58f450308fc474c82ac9a094848081bf4c06778200207820e5193726dc563a0d2c16468810516a5c97d9d3ea0ca6585d23c58ccfff2403e8dbbeb
  languageName: node
  linkType: hard

"micromatch@npm:^4.0.4":
  version: 4.0.5
  resolution: "micromatch@npm:4.0.5"
  dependencies:
    braces: ^3.0.2
    picomatch: ^2.3.1
  checksum: 3d6505b20f9fa804af5d8c596cb1c5e475b9b0cd05f652c5b56141cf941bd72adaeb7a436fda344235cef93a7f29b7472efc779fcdb83b478eab0867b95cdeff
  languageName: node
  linkType: hard

"minimatch@npm:^3.1.1":
  version: 3.1.2
  resolution: "minimatch@npm:3.1.2"
  dependencies:
    brace-expansion: ^1.1.7
  checksum: 0262810a8fc2e72cca45d6fd86bd349eee435eb95ac6aa45c9ea2180e7ee875ef44c32b55b5973ceabe95ea12682f6e3725cbb63d7a2d1da3ae1163c8b210311
  languageName: node
  linkType: hard

"once@npm:^1.3.0":
  version: 1.4.0
  resolution: "once@npm:1.4.0"
  dependencies:
    wrappy: 1
  checksum: 5d48aca287dfefabd756621c5dfce5c91a549a93e9fdb7b8246bc4c4790aa2ec17b34a260530474635147aeb631a2dcc8b32c613df0675f96041cbb8244517d0
  languageName: node
  linkType: hard

"path-is-absolute@npm:^1.0.0":
  version: 1.0.1
  resolution: "path-is-absolute@npm:1.0.1"
  checksum: 127da03c82172a2a50099cddbf02510c1791fc2cc5f7713ddb613a56838db1e8168b121a920079d052e0936c23005562059756d653b7c544c53185efe53be078
  languageName: node
  linkType: hard

"path-type@npm:^4.0.0":
  version: 4.0.0
  resolution: "path-type@npm:4.0.0"
  checksum: 666f6973f332f27581371efaf303fd6c272cc43c2057b37aa99e3643158c7e4b2626549555d88626e99ea9e046f82f32e41bbde5f1508547e9a11b149b52387c
  languageName: node
  linkType: hard

"picomatch@npm:^2.3.1":
  version: 2.3.1
  resolution: "picomatch@npm:2.3.1"
  checksum: 26c02b8d06f03206fc2ab8d16f19960f2ff9e81a658f831ecb656d8f17d9edc799e8364b1f4a7873e89d9702dff96204be0fa26fe4181f6843f040f819dac4be
  languageName: node
  linkType: hard

"queue-microtask@npm:^1.2.2":
  version: 1.2.3
  resolution: "queue-microtask@npm:1.2.3"
  checksum: 900a93d3cdae3acd7d16f642c29a642aea32c2026446151f0778c62ac089d4b8e6c986811076e1ae180a694cedf077d453a11b58ff0a865629a4f82ab558e102
  languageName: node
  linkType: hard

"reusify@npm:^1.0.4":
  version: 1.0.4
  resolution: "reusify@npm:1.0.4"
  checksum: c19ef26e4e188f408922c46f7ff480d38e8dfc55d448310dfb518736b23ed2c4f547fb64a6ed5bdba92cd7e7ddc889d36ff78f794816d5e71498d645ef476107
  languageName: node
  linkType: hard

"run-parallel@npm:^1.1.9":
  version: 1.2.0
  resolution: "run-parallel@npm:1.2.0"
  dependencies:
    queue-microtask: ^1.2.2
  checksum: 200b5ab25b5b8b7113f9901bfe3afc347e19bb7475b267d55ad0eb86a62a46d77510cb0f232507c9e5d497ebda569a08a9867d0d14f57a82ad5564d991588b39
  languageName: node
  linkType: hard

"slash@npm:^3.0.0":
  version: 3.0.0
  resolution: "slash@npm:3.0.0"
  checksum: e18488c6a42bdfd4ac5be85b2ced3ccd0224773baae6ad42cfbb9ec74fc07f9fa8396bd35ee638084ead7a2a0818eb5e7151111544d4731ce843019dab4be47b
  languageName: node
  linkType: hard

"sort-object-keys@npm:^1.1.3":
  version: 1.1.3
  resolution: "sort-object-keys@npm:1.1.3"
  checksum: 3bf62398658d3ff4bbca0db4ed8f42f98abc41433859f63d02fb0ab953fbe5526be240ec7e5d85aa50fcab6c937f3fa7015abf1ecdeb3045a2281c53953886bf
  languageName: node
  linkType: hard

"sort-package-json@npm:1.57.0":
  version: 1.57.0
  resolution: "sort-package-json@npm:1.57.0"
  dependencies:
    detect-indent: ^6.0.0
    detect-newline: 3.1.0
    git-hooks-list: 1.0.3
    globby: 10.0.0
    is-plain-obj: 2.1.0
    sort-object-keys: ^1.1.3
  bin:
    sort-package-json: cli.js
  checksum: 3b78190cf5d63f40d732fca25d9b6a8625560e14e32301e9915c0457212c32e703cb5193f82a45ca434eeb55c99c49b2d726c257660fe9374ca565a8c19d56bc
  languageName: node
  linkType: hard

"to-regex-range@npm:^5.0.1":
  version: 5.0.1
  resolution: "to-regex-range@npm:5.0.1"
  dependencies:
    is-number: ^7.0.0
  checksum: 487988b0a19c654ff3e1961b87f471702e708fa8a8dd02a298ef16da7206692e8552a0250e8b3e8759270f62e9d8314616f6da274734d3b558b1fc7b7724e892
  languageName: node
  linkType: hard

"tunnel@npm:^0.0.6":
  version: 0.0.6
  resolution: "tunnel@npm:0.0.6"
  checksum: e27e7e896f2426c1c747325b5f54efebc1a004647d853fad892b46d64e37591ccd0b97439470795e5262b5c0748d22beb4489a04a0a448029636670bfd801b75
  languageName: node
  linkType: hard

"uuid@npm:^8.3.2":
  version: 8.3.2
  resolution: "uuid@npm:8.3.2"
  bin:
    uuid: dist/bin/uuid
  checksum: bcbb807a917d374a49f475fae2e87fdca7da5e5530820ef53f65ba1d12131bd81a92ecf259cc7ce317cbe0f289e7d79fdfebcef9bfa3087c8c8a2fa304c9be54
  languageName: node
  linkType: hard

"wrappy@npm:1":
  version: 1.0.2
  resolution: "wrappy@npm:1.0.2"
  checksum: 56fece1a4018c6a6c8e28fbc88c87e0fbf4ea8fd64fc6c63b18f4acc4bd13e0ad2515189786dd2c30d3eec9663d70f4ecf699330002f8ccb547e4a18231fc9f0
  languageName: node
  linkType: hard
